
Microsoft Visual Studio Solution File, Format Version 12.00
# Visual Studio Version 17
VisualStudioVersion = 17.11.35327.3
MinimumVisualStudioVersion = 10.0.40219.1
Project("{FAE04EC0-301F-11D3-BF4B-00C04F79EFBC}") = "FLORENCE_Server_Assembly_Windows", "FLORENCE_Server_Assembly_Windows.csproj", "{72581585-FDED-47BB-9061-212C40DD6F25}"
EndProject
Global
	GlobalSection(SolutionConfigurationPlatforms) = preSolution
		Debug|Any CPU = Debug|Any CPU
		Release|Any CPU = Release|Any CPU
	EndGlobalSection
	GlobalSection(ProjectConfigurationPlatforms) = postSolution
		{72581585-FDED-47BB-9061-212C40DD6F25}.Debug|Any CPU.ActiveCfg = Debug|Any CPU
		{72581585-FDED-47BB-9061-212C40DD6F25}.Debug|Any CPU.Build.0 = Debug|Any CPU
		{72581585-FDED-47BB-9061-212C40DD6F25}.Release|Any CPU.ActiveCfg = Release|Any CPU
		{72581585-FDED-47BB-9061-212C40DD6F25}.Release|Any CPU.Build.0 = Release|Any CPU
	EndGlobalSection
	GlobalSection(SolutionProperties) = preSolution
		HideSolutionNode = FALSE
	EndGlobalSection
	GlobalSection(ExtensibilityGlobals) = postSolution
		SolutionGuid = {3C1B435A-8C93-4D1E-9BDA-803AB4AC9F59}
	EndGlobalSection
EndGlobal
